github.com/beorn7/perks v0.0.0-20180321164747-3a771d992973 h1:xJ4a3vCFaGF/jqvzLMYoU8P317H5OQ+Via4RmuPwCS0=
github.com/beorn7/perks v0.0.0-20180321164747-3a771d992973/go.mod h1:Dwedo/Wpr24TaqPxmxbtue+5NUziq4I4S80YR8gNf3Q=
github.com/cactus/go-statsd-client v3.1.1+incompatible/go.mod h1:cMRcwZDklk7hXp+Law83urTHUiHMzCev/r4JMYr/zU0=
github.com/davecgh/go-spew v1.1.0 h1:ZDRjVQ15GmhC3fiQ8ni8+OwkZQO4DARzQgrnXU1Liz8=
github.com/davecgh/go-spew v1.1.0/go.mod h1:J7Y8YcW2NihsgmVo/mv3lAwl/skON4iLHjSsI+c5H38=
github.com/golang/protobuf v1.1.1-0.20180715082332-14aad3d5ea4c h1:uA5wKmtUKbY6bK/6/Sg1a9qmAe7YzOs1WZb3ieB3y0U=
github.com/golang/protobuf v1.1.1-0.20180715082332-14aad3d5ea4c/go.mod h1:6lQm79b+lXiMfvg/cZm0SGofjICqVBUtrP5yJMmIC1U=
github.com/m3db/prometheus_client_golang v0.8.1 h1:t7w/tcFws81JL1j5sqmpqcOyQOpH4RDOmIe3A3fdN3w=
github.com/m3db/prometheus_client_golang v0.8.1/go.mod h1:8R/f1xYhXWq59KD/mbRqoBulXejss7vYtYzWmruNUwI=
github.com/m3db/prometheus_client_model v0.0.0-20180517145114-8b2299a4bf7d h1:BtNPRz2kmh42OAVYjsOBjty2wE0FaIh7aPVtFNPcF48=
github.com/m3db/prometheus_client_model v0.0.0-20180517145114-8b2299a4bf7d/go.mod h1:Qfsxn+LypxzF+lNhak7cF7k0zxK7uB/ynGYoj80zcD4=
github.com/m3db/prometheus_common v0.0.0-20180517030744-25aaa3dff79b h1:DEtcqizQ9PnY4xudqHyze5F89jijy33fnPYYSCCYPXY=
github.com/m3db/prometheus_common v0.0.0-20180517030744-25aaa3dff79b/go.mod h1:EBmDQaMAy4B8i+qsg1wMXAelLNVbp49i/JOeVszQ/rs=
github.com/m3db/prometheus_procfs v0.8.1 h1:LsxWzVELhDU9sLsZTaFLCeAwCn7bC7qecZcK4zobs/g=
github.com/m3db/prometheus_procfs v0.8.1/go.mod h1:N8lv8fLh3U3koZx1Bnisj60GYUMDpWb09x1R+dmMOJo=
github.com/matttproud/golang_protobuf_extensions v1.0.1 h1:4hp9jkHxhMHkqkrB3Ix0jegS5sx/RkqARlsWZ6pIwiU=
github.com/matttproud/golang_protobuf_extensions v1.0.1/go.mod h1:D8He9yQNgCq6Z5Ld7szi9bcBfOoFv/3dc6xSMkL2PC0=
github.com/pmezard/go-difflib v1.0.0 h1:4DBwDE0NGyQoBHbLQYPwSUPoCMWR5BEzIk/f1lZbAQM=
github.com/pmezard/go-difflib v1.0.0/go.mod h1:iKH77koFhYxTK1pcRnkKkqfTogsbg7gZNVY4sRDYZ/4=
github.com/rcrowley/go-metrics v0.0.0-20190826022208-cac0b30c2563 h1:dY6ETXrvDG7Sa4vE8ZQG4yqWg6UnOcbqTAahkV813vQ=
github.com/rcrowley/go-metrics v0.0.0-20190826022208-cac0b30c2563/go.mod h1:bCqnVzQkZxMG4s8nGwiZ5l3QUCyqpo9Y+/ZMZ9VjZe4=
github.com/stretchr/objx v0.1.0/go.mod h1:HFkY916IF+rwdDfMAkV7OtwuqBVzrE8GR6GFx+wExME=
github.com/stretchr/testify v1.4.0 h1:2E4SXV/wtOkTonXsotYi4li6zVWxYlZuYNCXe9XRJyk=
github.com/stretchr/testify v1.4.0/go.mod h1:j7eGeouHqKxXV5pUuKE4zz7dFj8WfuZ+81PSLYec5m4=
github.com/iliubang/tally v3.3.12+incompatible h1:Qa0XrHsKXclmhEpHmBHTTEZotwvQHAbm3lvtJ6RNn+0=
github.com/iliubang/tally v3.3.12+incompatible/go.mod h1:YDTIBxdXyOU/sCWilKB4bgyufu1cEi0jdVnRdxvjnmU=
go.uber.org/atomic v1.3.2 h1:2Oa65PReHzfn29GpvgsYwloV9AVFHPDk8tYxt2c2tr4=
go.uber.org/atomic v1.3.2/go.mod h1:gD2HeocX3+yG+ygLZcrzQJaqmWj9AIm7n08wl/qW/PE=
gopkg.in/check.v1 v0.0.0-20161208181325-20d25e280405/go.mod h1:Co6ibVJAznAaIkqp8huTwlJQCZ016jof/cbN4VW5Yz0=
gopkg.in/validator.v2 v2.0.0-20180514200540-135c24b11c19/go.mod h1:o4V0GXN9/CAmCsvJ0oXYZvrZOe7syiDZSN1GWGZTGzc=
gopkg.in/yaml.v2 v2.2.1/go.mod h1:hI93XBmqTisBFMUTm0b8Fm+jr3Dg1NNxqwp+5A1VGuI=
gopkg.in/yaml.v2 v2.2.2 h1:ZCJp+EgiOT7lHqUV2J862kp8Qj64Jo6az82+3Td9dZw=
gopkg.in/yaml.v2 v2.2.2/go.mod h1:hI93XBmqTisBFMUTm0b8Fm+jr3Dg1NNxqwp+5A1VGuI=
